# This file was autogenerated by uv via the following command:
#    uv pip compile pyproject.toml --extra dev --universal -o uv.lock
certifi==2026.5.20
    # via requests
charset-normalizer==3.4.7
    # via requests
coverage==7.14.0
    # via threatray-ida (pyproject.toml)
idna==3.16
    # via requests
librt==0.11.0 ; platform_python_implementation != 'PyPy'
    # via mypy
mypy==1.20.2
    # via threatray-ida (pyproject.toml)
mypy-extensions==1.1.0
    # via mypy
pathspec==1.1.1
    # via mypy
pyhamcrest==2.1.0
    # via threatray-ida (pyproject.toml)
pyqt5==5.15.11
    # via threatray-ida (pyproject.toml)
pyqt5-qt5==5.15.19
    # via pyqt5
pyqt5-sip==12.18.0
    # via
    #   threatray-ida (pyproject.toml)
    #   pyqt5
requests==2.34.2
    # via
    #   threatray-ida (pyproject.toml)
    #   requests-mock
requests-mock==1.12.1
    # via threatray-ida (pyproject.toml)
ruff==0.15.14
    # via threatray-ida (pyproject.toml)
tomli==2.4.1 ; python_full_version < '3.11'
    # via
    #   mypy
    #   vulture
types-requests==2.33.0.20260518
    # via threatray-ida (pyproject.toml)
types-setuptools==82.0.0.20260518
    # via threatray-ida (pyproject.toml)
typing-extensions==4.15.0
    # via mypy
urllib3==2.7.0
    # via
    #   requests
    #   types-requests
vulture==2.16
    # via threatray-ida (pyproject.toml)
